// !$*UTF8*$!
{
	archiveVersion = 1;
	classes = {
	};
	objectVersion = 55;
	objects = {

/* Begin PBXBuildFile section */
		15750769283B67260082E4B4 /* TEST_gitApp.swift in Sources */ = {isa = PBXBuildFile; fileRef = 15750768283B67260082E4B4 /* TEST_gitApp.swift */; };
		1575076B283B67260082E4B4 /* ContentView.swift in Sources */ = {isa = PBXBuildFile; fileRef = 1575076A283B67260082E4B4 /* ContentView.swift */; };
		1575076D283B672A0082E4B4 /* Assets.xcassets in Resources */ = {isa = PBXBuildFile; fileRef = 1575076C283B672A0082E4B4 /* Assets.xcassets */; };
		15750770283B672A0082E4B4 /* Preview Assets.xcassets in Resources */ = {isa = PBXBuildFile; fileRef = 1575076F283B672A0082E4B4 /* Preview Assets.xcassets */; };
		1575077A283B672A0082E4B4 /* TEST_gitTests.swift in Sources */ = {isa = PBXBuildFile; fileRef = 15750779283B672A0082E4B4 /* TEST_gitTests.swift */; };
		15750784283B672A0082E4B4 /* TEST_gitUITests.swift in Sources */ = {isa = PBXBuildFile; fileRef = 15750783283B672A0082E4B4 /* TEST_gitUITests.swift */; };
		15750786283B672A0082E4B4 /* TEST_gitUITestsLaunchTests.swift in Sources */ = {isa = PBXBuildFile; fileRef = 15750785283B672A0082E4B4 /* TEST_gitUITestsLaunchTests.swift */; };
/* End PBXBuildFile section */

/* Begin PBXContainerItemProxy section */
		15750776283B672A0082E4B4 /* PBXContainerItemProxy */ = {
			isa = PBXContainerItemProxy;
			containerPortal = 1575075D283B67260082E4B4 /* Project object */;
			proxyType = 1;
			remoteGlobalIDString = 15750764283B67260082E4B4;
			remoteInfo = TEST_git;
		};
		15750780283B672A0082E4B4 /* PBXContainerItemProxy */ = {
			isa = PBXContainerItemProxy;
			containerPortal = 1575075D283B67260082E4B4 /* Project object */;
			proxyType = 1;
			remoteGlobalIDString = 15750764283B67260082E4B4;
			remoteInfo = TEST_git;
		};
/* End PBXContainerItemProxy section */

/* Begin PBXFileReference section */
		15750765283B67260082E4B4 /* TEST_git.app */ = {isa = PBXFileReference; explicitFileType = wrapper.application; includeInIndex = 0; path = TEST_git.app; sourceTree = BUILT_PRODUCTS_DIR; };
		15750768283B67260082E4B4 /* TEST_gitApp.swift */ = {isa = PBXFileReference; lastKnownFileType = sourcecode.swift; path = TEST_gitApp.swift; sourceTree = "<group>"; };
		1575076A283B67260082E4B4 /* ContentView.swift */ = {isa = PBXFileReference; lastKnownFileType = sourcecode.swift; path = ContentView.swift; sourceTree = "<group>"; };
		1575076C283B672A0082E4B4 /* Assets.xcassets */ = {isa = PBXFileReference; lastKnownFileType = folder.assetcatalog; path = Assets.xcassets; sourceTree = "<group>"; };
		1575076F283B672A0082E4B4 /* Preview Assets.xcassets */ = {isa = PBXFileReference; lastKnownFileType = folder.assetcatalog; path = "Preview Assets.xcassets"; sourceTree = "<group>"; };
		15750775283B672A0082E4B4 /* TEST_gitTests.xctest */ = {isa = PBXFileReference; explicitFileType = wrapper.cfbundle; includeInIndex = 0; path = TEST_gitTests.xctest; sourceTree = BUILT_PRODUCTS_DIR; };
		15750779283B672A0082E4B4 /* TEST_gitTests.swift */ = {isa = PBXFileReference; lastKnownFileType = sourcecode.swift; path = TEST_gitTests.swift; sourceTree = "<group>"; };
		1575077F283B672A0082E4B4 /* TEST_gitUITests.xctest */ = {isa = PBXFileReference; explicitFileType = wrapper.cfbundle; includeInIndex = 0; path = TEST_gitUITests.xctest; sourceTree = BUILT_PRODUCTS_DIR; };
		15750783283B672A0082E4B4 /* TEST_gitUITests.swift */ = {isa = PBXFileReference; lastKnownFileType = sourcecode.swift; path = TEST_gitUITests.swift; sourceTree = "<group>"; };
		15750785283B672A0082E4B4 /* TEST_gitUITestsLaunchTests.swift */ = {isa = PBXFileReference; lastKnownFileType = sourcecode.swift; path = TEST_gitUITestsLaunchTests.swift; sourceTree = "<group>"; };
/* End PBXFileReference section */

/* Begin PBXFrameworksBuildPhase section */
		15750762283B67260082E4B4 /* Frameworks */ = {
			isa = PBXFrameworksBuildPhase;
			buildActionMask = 2147483647;
			files = (
			);
			runOnlyForDeploymentPostprocessing = 0;
		};
		15750772283B672A0082E4B4 /* Frameworks */ = {
			isa = PBXFrameworksBuildPhase;
			buildActionMask = 2147483647;
			files = (
			);
			runOnlyForDeploymentPostprocessing = 0;
		};
		1575077C283B672A0082E4B4 /* Frameworks */ = {
			isa = PBXFrameworksBuildPhase;
			buildActionMask = 2147483647;
			files = (
			);
			runOnlyForDeploymentPostprocessing = 0;
		};
/* End PBXFrameworksBuildPhase section */

/* Begin PBXGroup section */
		1575075C283B67260082E4B4 = {
			isa = PBXGroup;
			children = (
				15750767283B67260082E4B4 /* TEST_git */,
				15750778283B672A0082E4B4 /* TEST_gitTests */,
				15750782283B672A0082E4B4 /* TEST_gitUITests */,
				15750766283B67260082E4B4 /* Products */,
			);
			sourceTree = "<group>";
		};
		15750766283B67260082E4B4 /* Products */ = {
			isa = PBXGroup;
			children = (
				15750765283B67260082E4B4 /* TEST_git.app */,
				15750775283B672A0082E4B4 /* TEST_gitTests.xctest */,
				1575077F283B672A0082E4B4 /* TEST_gitUITests.xctest */,
			);
			name = Products;
			sourceTree = "<group>";
		};
		15750767283B67260082E4B4 /* TEST_git */ = {
			isa = PBXGroup;
			children = (
				15750768283B67260082E4B4 /* TEST_gitApp.swift */,
				1575076A283B67260082E4B4 /* ContentView.swift */,
				1575076C283B672A0082E4B4 /* Assets.xcassets */,
				1575076E283B672A0082E4B4 /* Preview Content */,
			);
			path = TEST_git;
			sourceTree = "<group>";
		};
		1575076E283B672A0082E4B4 /* Preview Content */ = {
			isa = PBXGroup;
			children = (
				1575076F283B672A0082E4B4 /* Preview Assets.xcassets */,
			);
			path = "Preview Content";
			sourceTree = "<group>";
		};
		15750778283B672A0082E4B4 /* TEST_gitTests */ = {
			isa = PBXGroup;
			children = (
				15750779283B672A0082E4B4 /* TEST_gitTests.swift */,
			);
			path = TEST_gitTests;
			sourceTree = "<group>";
		};
		15750782283B672A0082E4B4 /* TEST_gitUITests */ = {
			isa = PBXGroup;
			children = (
				15750783283B672A0082E4B4 /* TEST_gitUITests.swift */,
				15750785283B672A0082E4B4 /* TEST_gitUITestsLaunchTests.swift */,
			);
			path = TEST_gitUITests;
			sourceTree = "<group>";
		};
/* End PBXGroup section */

/* Begin PBXNativeTarget section */
		15750764283B67260082E4B4 /* TEST_git */ = {
			isa = PBXNativeTarget;
			buildConfigurationList = 15750789283B672A0082E4B4 /* Build configuration list for PBXNativeTarget "TEST_git" */;
			buildPhases = (
				15750761283B67260082E4B4 /* Sources */,
				15750762283B67260082E4B4 /* Frameworks */,
				15750763283B67260082E4B4 /* Resources */,
			);
			buildRules = (
			);
			dependencies = (
			);
			name = TEST_git;
			productName = TEST_git;
			productReference = 15750765283B67260082E4B4 /* TEST_git.app */;
			productType = "com.apple.product-type.application";
		};
		15750774283B672A0082E4B4 /* TEST_gitTests */ = {
			isa = PBXNativeTarget;
			buildConfigurationList = 1575078C283B672A0082E4B4 /* Build configuration list for PBXNativeTarget "TEST_gitTests" */;
			buildPhases = (
				15750771283B672A0082E4B4 /* Sources */,
				15750772283B672A0082E4B4 /* Frameworks */,
				15750773283B672A0082E4B4 /* Resources */,
			);
			buildRules = (
			);
			dependencies = (
				15750777283B672A0082E4B4 /* PBXTargetDependency */,
			);
			name = TEST_gitTests;
			productName = TEST_gitTests;
			productReference = 15750775283B672A0082E4B4 /* TEST_gitTests.xctest */;
			productType = "com.apple.product-type.bundle.unit-test";
		};
		1575077E283B672A0082E4B4 /* TEST_gitUITests */ = {
			isa = PBXNativeTarget;
			buildConfigurationList = 1575078F283B672A0082E4B4 /* Build configuration list for PBXNativeTarget "TEST_gitUITests" */;
			buildPhases = (
				1575077B283B672A0082E4B4 /* Sources */,
				1575077C283B672A0082E4B4 /* Frameworks */,
				1575077D283B672A0082E4B4 /* Resources */,
			);
			buildRules = (
			);
			dependencies = (
				15750781283B672A0082E4B4 /* PBXTargetDependency */,
			);
			name = TEST_gitUITests;
			productName = TEST_gitUITests;
			productReference = 1575077F283B672A0082E4B4 /* TEST_gitUITests.xctest */;
			productType = "com.apple.product-type.bundle.ui-testing";
		};
/* End PBXNativeTarget section */

/* Begin PBXProject section */
		1575075D283B67260082E4B4 /* Project object */ = {
			isa = PBXProject;
			attributes = {
				BuildIndependentTargetsInParallel = 1;
				LastSwiftUpdateCheck = 1340;
				LastUpgradeCheck = 1340;
				TargetAttributes = {
					15750764283B67260082E4B4 = {
						CreatedOnToolsVersion = 13.4;
					};
					15750774283B672A0082E4B4 = {
						CreatedOnToolsVersion = 13.4;
						TestTargetID = 15750764283B67260082E4B4;
					};
					1575077E283B672A0082E4B4 = {
						CreatedOnToolsVersion = 13.4;
						TestTargetID = 15750764283B67260082E4B4;
					};
				};
			};
			buildConfigurationList = 15750760283B67260082E4B4 /* Build configuration list for PBXProject "TEST_git" */;
			compatibilityVersion = "Xcode 13.0";
			developmentRegion = en;
			hasScannedForEncodings = 0;
			knownRegions = (
				en,
				Base,
			);
			mainGroup = 1575075C283B67260082E4B4;
			productRefGroup = 15750766283B67260082E4B4 /* Products */;
			projectDirPath = "";
			projectRoot = "";
			targets = (
				15750764283B67260082E4B4 /* TEST_git */,
				15750774283B672A0082E4B4 /* TEST_gitTests */,
				1575077E283B672A0082E4B4 /* TEST_gitUITests */,
			);
		};
/* End PBXProject section */

/* Begin PBXResourcesBuildPhase section */
		15750763283B67260082E4B4 /* Resources */ = {
			isa = PBXResourcesBuildPhase;
			buildActionMask = 2147483647;
			files = (
				15750770283B672A0082E4B4 /* Preview Assets.xcassets in Resources */,
				1575076D283B672A0082E4B4 /* Assets.xcassets in Resources */,
			);
			runOnlyForDeploymentPostprocessing = 0;
		};
		15750773283B672A0082E4B4 /* Resources */ = {
			isa = PBXResourcesBuildPhase;
			buildActionMask = 2147483647;
			files = (
			);
			runOnlyForDeploymentPostprocessing = 0;
		};
		1575077D283B672A0082E4B4 /* Resources */ = {
			isa = PBXResourcesBuildPhase;
			buildActionMask = 2147483647;
			files = (
			);
			runOnlyForDeploymentPostprocessing = 0;
		};
/* End PBXResourcesBuildPhase section */

/* Begin PBXSourcesBuildPhase section */
		15750761283B67260082E4B4 /* Sources */ = {
			isa = PBXSourcesBuildPhase;
			buildActionMask = 2147483647;
			files = (
				1575076B283B67260082E4B4 /* ContentView.swift in Sources */,
				15750769283B67260082E4B4 /* TEST_gitApp.swift in Sources */,
			);
			runOnlyForDeploymentPostprocessing = 0;
		};
		15750771283B672A0082E4B4 /* Sources */ = {
			isa = PBXSourcesBuildPhase;
			buildActionMask = 2147483647;
			files = (
				1575077A283B672A0082E4B4 /* TEST_gitTests.swift in Sources */,
			);
			runOnlyForDeploymentPostprocessing = 0;
		};
		1575077B283B672A0082E4B4 /* Sources */ = {
			isa = PBXSourcesBuildPhase;
			buildActionMask = 2147483647;
			files = (
				15750786283B672A0082E4B4 /* TEST_gitUITestsLaunchTests.swift in Sources */,
				15750784283B672A0082E4B4 /* TEST_gitUITests.swift in Sources */,
			);
			runOnlyForDeploymentPostprocessing = 0;
		};
/* End PBXSourcesBuildPhase section */

/* Begin PBXTargetDependency section */
		15750777283B672A0082E4B4 /* PBXTargetDependency */ = {
			isa = PBXTargetDependency;
			target = 15750764283B67260082E4B4 /* TEST_git */;
			targetProxy = 15750776283B672A0082E4B4 /* PBXContainerItemProxy */;
		};
		15750781283B672A0082E4B4 /* PBXTargetDependency */ = {
			isa = PBXTargetDependency;
			target = 15750764283B67260082E4B4 /* TEST_git */;
			targetProxy = 15750780283B672A0082E4B4 /* PBXContainerItemProxy */;
		};
/* End PBXTargetDependency section */

/* Begin XCBuildConfiguration section */
		15750787283B672A0082E4B4 /* Debug */ = {
			isa = XCBuildConfiguration;
			buildSettings = {
				ALWAYS_SEARCH_USER_PATHS = NO;
				CLANG_ANALYZER_NONNULL = YES;
				CLANG_ANALYZER_NUMBER_OBJECT_CONVERSION = YES_AGGRESSIVE;
				CLANG_CXX_LANGUAGE_STANDARD = "gnu++17";
				CLANG_ENABLE_MODULES = YES;
				CLANG_ENABLE_OBJC_ARC = YES;
				CLANG_ENABLE_OBJC_WEAK = YES;
				CLANG_WARN_BLOCK_CAPTURE_AUTORELEASING = YES;
				CLANG_WARN_BOOL_CONVERSION = YES;
				CLANG_WARN_COMMA = YES;
				CLANG_WARN_CONSTANT_CONVERSION = YES;
				CLANG_WARN_DEPRECATED_OBJC_IMPLEMENTATIONS = YES;
				CLANG_WARN_DIRECT_OBJC_ISA_USAGE = YES_ERROR;
				CLANG_WARN_DOCUMENTATION_COMMENTS = YES;
				CLANG_WARN_EMPTY_BODY = YES;
				CLANG_WARN_ENUM_CONVERSION = YES;
				CLANG_WARN_INFINITE_RECURSION = YES;
				CLANG_WARN_INT_CONVERSION = YES;
				CLANG_WARN_NON_LITERAL_NULL_CONVERSION = YES;
				CLANG_WARN_OBJC_IMPLICIT_RETAIN_SELF = YES;
				CLANG_WARN_OBJC_LITERAL_CONVERSION = YES;
				CLANG_WARN_OBJC_ROOT_CLASS = YES_ERROR;
				CLANG_WARN_QUOTED_INCLUDE_IN_FRAMEWORK_HEADER = YES;
				CLANG_WARN_RANGE_LOOP_ANALYSIS = YES;
				CLANG_WARN_STRICT_PROTOTYPES = YES;
				CLANG_WARN_SUSPICIOUS_MOVE = YES;
				CLANG_WARN_UNGUARDED_AVAILABILITY = YES_AGGRESSIVE;
				CLANG_WARN_UNREACHABLE_CODE = YES;
				CLANG_WARN__DUPLICATE_METHOD_MATCH = YES;
				COPY_PHASE_STRIP = NO;
				DEBUG_INFORMATION_FORMAT = dwarf;
				ENABLE_STRICT_OBJC_MSGSEND = YES;
				ENABLE_TESTABILITY = YES;
				GCC_C_LANGUAGE_STANDARD = gnu11;
				GCC_DYNAMIC_NO_PIC = NO;
				GCC_NO_COMMON_BLOCKS = YES;
				GCC_OPTIMIZATION_LEVEL = 0;
				GCC_PREPROCESSOR_DEFINITIONS = (
					"DEBUG=1",
					"$(inherited)",
				);
				GCC_WARN_64_TO_32_BIT_CONVERSION = YES;
				GCC_WARN_ABOUT_RETURN_TYPE = YES_ERROR;
				GCC_WARN_UNDECLARED_SELECTOR = YES;
				GCC_WARN_UNINITIALIZED_AUTOS = YES_AGGRESSIVE;
				GCC_WARN_UNUSED_FUNCTION = YES;
				GCC_WARN_UNUSED_VARIABLE = YES;
				IPHONEOS_DEPLOYMENT_TARGET = 15.5;
				MTL_ENABLE_DEBUG_INFO = INCLUDE_SOURCE;
				MTL_FAST_MATH = YES;
				ONLY_ACTIVE_ARCH = YES;
				SDKROOT = iphoneos;
				SWIFT_ACTIVE_COMPILATION_CONDITIONS = DEBUG;
				SWIFT_OPTIMIZATION_LEVEL = "-Onone";
			};
			name = Debug;
		};
		15750788283B672A0082E4B4 /* Release */ = {
			isa = XCBuildConfiguration;
			buildSettings = {
				ALWAYS_SEARCH_USER_PATHS = NO;
				CLANG_ANALYZER_NONNULL = YES;
				CLANG_ANALYZER_NUMBER_OBJECT_CONVERSION = YES_AGGRESSIVE;
				CLANG_CXX_LANGUAGE_STANDARD = "gnu++17";
				CLANG_ENABLE_MODULES = YES;
				CLANG_ENABLE_OBJC_ARC = YES;
				CLANG_ENABLE_OBJC_WEAK = YES;
				CLANG_WARN_BLOCK_CAPTURE_AUTORELEASING = YES;
				CLANG_WARN_BOOL_CONVERSION = YES;
				CLANG_WARN_COMMA = YES;
				CLANG_WARN_CONSTANT_CONVERSION = YES;
				CLANG_WARN_DEPRECATED_OBJC_IMPLEMENTATIONS = YES;
				CLANG_WARN_DIRECT_OBJC_ISA_USAGE = YES_ERROR;
				CLANG_WARN_DOCUMENTATION_COMMENTS = YES;
				CLANG_WARN_EMPTY_BODY = YES;
				CLANG_WARN_ENUM_CONVERSION = YES;
				CLANG_WARN_INFINITE_RECURSION = YES;
				CLANG_WARN_INT_CONVERSION = YES;
				CLANG_WARN_NON_LITERAL_NULL_CONVERSION = YES;
				CLANG_WARN_OBJC_IMPLICIT_RETAIN_SELF = YES;
				CLANG_WARN_OBJC_LITERAL_CONVERSION = YES;
				CLANG_WARN_OBJC_ROOT_CLASS = YES_ERROR;
				CLANG_WARN_QUOTED_INCLUDE_IN_FRAMEWORK_HEADER = YES;
				CLANG_WARN_RANGE_LOOP_ANALYSIS = YES;
				CLANG_WARN_STRICT_PROTOTYPES = YES;
				CLANG_WARN_SUSPICIOUS_MOVE = YES;
				CLANG_WARN_UNGUARDED_AVAILABILITY = YES_AGGRESSIVE;
				CLANG_WARN_UNREACHABLE_CODE = YES;
				CLANG_WARN__DUPLICATE_METHOD_MATCH = YES;
				COPY_PHASE_STRIP = NO;
				DEBUG_INFORMATION_FORMAT = "dwarf-with-dsym";
				ENABLE_NS_ASSERTIONS = NO;
				ENABLE_STRICT_OBJC_MSGSEND = YES;
				GCC_C_LANGUAGE_STANDARD = gnu11;
				GCC_NO_COMMON_BLOCKS = YES;
				GCC_WARN_64_TO_32_BIT_CONVERSION = YES;
				GCC_WARN_ABOUT_RETURN_TYPE = YES_ERROR;
				GCC_WARN_UNDECLARED_SELECTOR = YES;
				GCC_WARN_UNINITIALIZED_AUTOS = YES_AGGRESSIVE;
				GCC_WARN_UNUSED_FUNCTION = YES;
				GCC_WARN_UNUSED_VARIABLE = YES;
				IPHONEOS_DEPLOYMENT_TARGET = 15.5;
				MTL_ENABLE_DEBUG_INFO = NO;
				MTL_FAST_MATH = YES;
				SDKROOT = iphoneos;
				SWIFT_COMPILATION_MODE = wholemodule;
				SWIFT_OPTIMIZATION_LEVEL = "-O";
				VALIDATE_PRODUCT = YES;
			};
			name = Release;
		};
		1575078A283B672A0082E4B4 /* Debug */ = {
			isa = XCBuildConfiguration;
			buildSettings = {
				ASSETCATALOG_COMPILER_APPICON_NAME = AppIcon;
				ASSETCATALOG_COMPILER_GLOBAL_ACCENT_COLOR_NAME = AccentColor;
				CODE_SIGN_STYLE = Automatic;
				CURRENT_PROJECT_VERSION = 1;
				DEVELOPMENT_ASSET_PATHS = "\"TEST_git/Preview Content\"";
				DEVELOPMENT_TEAM = HZ3AUYV4V7;
				ENABLE_PREVIEWS = YES;
				GENERATE_INFOPLIST_FILE = YES;
				INFOPLIST_KEY_UIApplicationSceneManifest_Generation = YES;
				INFOPLIST_KEY_UIApplicationSupportsIndirectInputEvents = YES;
				INFOPLIST_KEY_UILaunchScreen_Generation = YES;
				INFOPLIST_KEY_UISupportedInterfaceOrientations_iPad = "UIInterfaceOrientationPortrait UIInterfaceOrientationPortraitUpsideDown UIInterfaceOrientationLandscapeLeft UIInterfaceOrientationLandscapeRight";
				INFOPLIST_KEY_UISupportedInterfaceOrientations_iPhone = "UIInterfaceOrientationPortrait UIInterfaceOrientationLandscapeLeft UIInterfaceOrientationLandscapeRight";
				LD_RUNPATH_SEARCH_PATHS = (
					"$(inherited)",
					"@executable_path/Frameworks",
				);
				MARKETING_VERSION = 1.0;
				PRODUCT_BUNDLE_IDENTIFIER = "fr.free.rocq.pascal.TEST-git";
				PRODUCT_NAME = "$(TARGET_NAME)";
				SWIFT_EMIT_LOC_STRINGS = YES;
				SWIFT_VERSION = 5.0;
				TARGETED_DEVICE_FAMILY = "1,2";
			};
			name = Debug;
		};
		1575078B283B672A0082E4B4 /* Release */ = {
			isa = XCBuildConfiguration;
			buildSettings = {
				ASSETCATALOG_COMPILER_APPICON_NAME = AppIcon;
				ASSETCATALOG_COMPILER_GLOBAL_ACCENT_COLOR_NAME = AccentColor;
				CODE_SIGN_STYLE = Automatic;
				CURRENT_PROJECT_VERSION = 1;
				DEVELOPMENT_ASSET_PATHS = "\"TEST_git/Preview Content\"";
				DEVELOPMENT_TEAM = HZ3AUYV4V7;
				ENABLE_PREVIEWS = YES;
				GENERATE_INFOPLIST_FILE = YES;
				INFOPLIST_KEY_UIApplicationSceneManifest_Generation = YES;
				INFOPLIST_KEY_UIApplicationSupportsIndirectInputEvents = YES;
				INFOPLIST_KEY_UILaunchScreen_Generation = YES;
				INFOPLIST_KEY_UISupportedInterfaceOrientations_iPad = "UIInterfaceOrientationPortrait UIInterfaceOrientationPortraitUpsideDown UIInterfaceOrientationLandscapeLeft UIInterfaceOrientationLandscapeRight";
				INFOPLIST_KEY_UISupportedInterfaceOrientations_iPhone = "UIInterfaceOrientationPortrait UIInterfaceOrientationLandscapeLeft UIInterfaceOrientationLandscapeRight";
				LD_RUNPATH_SEARCH_PATHS = (
					"$(inherited)",
					"@executable_path/Frameworks",
				);
				MARKETING_VERSION = 1.0;
				PRODUCT_BUNDLE_IDENTIFIER = "fr.free.rocq.pascal.TEST-git";
				PRODUCT_NAME = "$(TARGET_NAME)";
				SWIFT_EMIT_LOC_STRINGS = YES;
				SWIFT_VERSION = 5.0;
				TARGETED_DEVICE_FAMILY = "1,2";
			};
			name = Release;
		};
		1575078D283B672A0082E4B4 /* Debug */ = {
			isa = XCBuildConfiguration;
			buildSettings = {
				ALWAYS_EMBED_SWIFT_STANDARD_LIBRARIES = YES;
				BUNDLE_LOADER = "$(TEST_HOST)";
				CODE_SIGN_STYLE = Automatic;
				CURRENT_PROJECT_VERSION = 1;
				DEVELOPMENT_TEAM = HZ3AUYV4V7;
				GENERATE_INFOPLIST_FILE = YES;
				IPHONEOS_DEPLOYMENT_TARGET = 15.5;
				MARKETING_VERSION = 1.0;
				PRODUCT_BUNDLE_IDENTIFIER = "fr.free.rocq.pascal.TEST-gitTests";
				PRODUCT_NAME = "$(TARGET_NAME)";
				SWIFT_EMIT_LOC_STRINGS = NO;
				SWIFT_VERSION = 5.0;
				TARGETED_DEVICE_FAMILY = "1,2";
				TEST_HOST = "$(BUILT_PRODUCTS_DIR)/TEST_git.app/TEST_git";
			};
			name = Debug;
		};
		1575078E283B672A0082E4B4 /* Release */ = {
			isa = XCBuildConfiguration;
			buildSettings = {
				ALWAYS_EMBED_SWIFT_STANDARD_LIBRARIES = YES;
				BUNDLE_LOADER = "$(TEST_HOST)";
				CODE_SIGN_STYLE = Automatic;
				CURRENT_PROJECT_VERSION = 1;
				DEVELOPMENT_TEAM = HZ3AUYV4V7;
				GENERATE_INFOPLIST_FILE = YES;
				IPHONEOS_DEPLOYMENT_TARGET = 15.5;
				MARKETING_VERSION = 1.0;
				PRODUCT_BUNDLE_IDENTIFIER = "fr.free.rocq.pascal.TEST-gitTests";
				PRODUCT_NAME = "$(TARGET_NAME)";
				SWIFT_EMIT_LOC_STRINGS = NO;
				SWIFT_VERSION = 5.0;
				TARGETED_DEVICE_FAMILY = "1,2";
				TEST_HOST = "$(BUILT_PRODUCTS_DIR)/TEST_git.app/TEST_git";
			};
			name = Release;
		};
		15750790283B672A0082E4B4 /* Debug */ = {
			isa = XCBuildConfiguration;
			buildSettings = {
				ALWAYS_EMBED_SWIFT_STANDARD_LIBRARIES = YES;
				CODE_SIGN_STYLE = Automatic;
				CURRENT_PROJECT_VERSION = 1;
				DEVELOPMENT_TEAM = HZ3AUYV4V7;
				GENERATE_INFOPLIST_FILE = YES;
				MARKETING_VERSION = 1.0;
				PRODUCT_BUNDLE_IDENTIFIER = "fr.free.rocq.pascal.TEST-gitUITests";
				PRODUCT_NAME = "$(TARGET_NAME)";
				SWIFT_EMIT_LOC_STRINGS = NO;
				SWIFT_VERSION = 5.0;
				TARGETED_DEVICE_FAMILY = "1,2";
				TEST_TARGET_NAME = TEST_git;
			};
			name = Debug;
		};
		15750791283B672A0082E4B4 /* Release */ = {
			isa = XCBuildConfiguration;
			buildSettings = {
				ALWAYS_EMBED_SWIFT_STANDARD_LIBRARIES = YES;
				CODE_SIGN_STYLE = Automatic;
				CURRENT_PROJECT_VERSION = 1;
				DEVELOPMENT_TEAM = HZ3AUYV4V7;
				GENERATE_INFOPLIST_FILE = YES;
				MARKETING_VERSION = 1.0;
				PRODUCT_BUNDLE_IDENTIFIER = "fr.free.rocq.pascal.TEST-gitUITests";
				PRODUCT_NAME = "$(TARGET_NAME)";
				SWIFT_EMIT_LOC_STRINGS = NO;
				SWIFT_VERSION = 5.0;
				TARGETED_DEVICE_FAMILY = "1,2";
				TEST_TARGET_NAME = TEST_git;
			};
			name = Release;
		};
/* End XCBuildConfiguration section */

/* Begin XCConfigurationList section */
		15750760283B67260082E4B4 /* Build configuration list for PBXProject "TEST_git" */ = {
			isa = XCConfigurationList;
			buildConfigurations = (
				15750787283B672A0082E4B4 /* Debug */,
				15750788283B672A0082E4B4 /* Release */,
			);
			defaultConfigurationIsVisible = 0;
			defaultConfigurationName = Release;
		};
		15750789283B672A0082E4B4 /* Build configuration list for PBXNativeTarget "TEST_git" */ = {
			isa = XCConfigurationList;
			buildConfigurations = (
				1575078A283B672A0082E4B4 /* Debug */,
				1575078B283B672A0082E4B4 /* Release */,
			);
			defaultConfigurationIsVisible = 0;
			defaultConfigurationName = Release;
		};
		1575078C283B672A0082E4B4 /* Build configuration list for PBXNativeTarget "TEST_gitTests" */ = {
			isa = XCConfigurationList;
			buildConfigurations = (
				1575078D283B672A0082E4B4 /* Debug */,
				1575078E283B672A0082E4B4 /* Release */,
			);
			defaultConfigurationIsVisible = 0;
			defaultConfigurationName = Release;
		};
		1575078F283B672A0082E4B4 /* Build configuration list for PBXNativeTarget "TEST_gitUITests" */ = {
			isa = XCConfigurationList;
			buildConfigurations = (
				15750790283B672A0082E4B4 /* Debug */,
				15750791283B672A0082E4B4 /* Release */,
			);
			defaultConfigurationIsVisible = 0;
			defaultConfigurationName = Release;
		};
/* End XCConfigurationList section */
	};
	rootObject = 1575075D283B67260082E4B4 /* Project object */;
}
